// !$*UTF8*$!
{
	archiveVersion = 1;
	classes = {
	};
	objectVersion = 48;
	objects = {

/* Begin PBXBuildFile section */
		60C0C31F1FAF249E00A77C72 /* AppDelegate.swift in Sources */ = {isa = PBXBuildFile; fileRef = 60C0C31E1FAF249E00A77C72 /* AppDelegate.swift */; };
		60C0C3211FAF249E00A77C72 /* ViewController.swift in Sources */ = {isa = PBXBuildFile; fileRef = 60C0C3201FAF249E00A77C72 /* ViewController.swift */; };
		60C0C3241FAF249E00A77C72 /* Main.storyboard in Resources */ = {isa = PBXBuildFile; fileRef = 60C0C3221FAF249E00A77C72 /* Main.storyboard */; };
		60C0C3261FAF249E00A77C72 /* Assets.xcassets in Resources */ = {isa = PBXBuildFile; fileRef = 60C0C3251FAF249E00A77C72 /* Assets.xcassets */; };
		60C0C3291FAF249E00A77C72 /* LaunchScreen.storyboard in Resources */ = {isa = PBXBuildFile; fileRef = 60C0C3271FAF249E00A77C72 /* LaunchScreen.storyboard */; };
		60C0C3341FAF249E00A77C72 /* NewProjectTests.swift in Sources */ = {isa = PBXBuildFile; fileRef = 60C0C3331FAF249E00A77C72 /* NewProjectTests.swift */; };
		60C0C33F1FAF249E00A77C72 /* NewProjectUITests.swift in Sources */ = {isa = PBXBuildFile; fileRef = 60C0C33E1FAF249E00A77C72 /* NewProjectUITests.swift */; };
/* End PBXBuildFile section */

/* Begin PBXContainerItemProxy section */
		60C0C3301FAF249E00A77C72 /* PBXContainerItemProxy */ = {
			isa = PBXContainerItemProxy;
			containerPortal = 60C0C3131FAF249D00A77C72 /* Project object */;
			proxyType = 1;
			remoteGlobalIDString = 60C0C31A1FAF249D00A77C72;
			remoteInfo = NewProject;
		};
		60C0C33B1FAF249E00A77C72 /* PBXContainerItemProxy */ = {
			isa = PBXContainerItemProxy;
			containerPortal = 60C0C3131FAF249D00A77C72 /* Project object */;
			proxyType = 1;
			remoteGlobalIDString = 60C0C31A1FAF249D00A77C72;
			remoteInfo = NewProject;
		};
/* End PBXContainerItemProxy section */

/* Begin PBXFileReference section */
		60C0C31B1FAF249D00A77C72 /* NewProject.app */ = {isa = PBXFileReference; explicitFileType = wrapper.application; includeInIndex = 0; path = NewProject.app; sourceTree = BUILT_PRODUCTS_DIR; };
		60C0C31E1FAF249E00A77C72 /* AppDelegate.swift */ = {isa = PBXFileReference; lastKnownFileType = sourcecode.swift; path = AppDelegate.swift; sourceTree = "<group>"; };
		60C0C3201FAF249E00A77C72 /* ViewController.swift */ = {isa = PBXFileReference; lastKnownFileType = sourcecode.swift; path = ViewController.swift; sourceTree = "<group>"; };
		60C0C3231FAF249E00A77C72 /* Base */ = {isa = PBXFileReference; lastKnownFileType = file.storyboard; name = Base; path = Base.lproj/Main.storyboard; sourceTree = "<group>"; };
		60C0C3251FAF249E00A77C72 /* Assets.xcassets */ = {isa = PBXFileReference; lastKnownFileType = folder.assetcatalog; path = Assets.xcassets; sourceTree = "<group>"; };
		60C0C3281FAF249E00A77C72 /* Base */ = {isa = PBXFileReference; lastKnownFileType = file.storyboard; name = Base; path = Base.lproj/LaunchScreen.storyboard; sourceTree = "<group>"; };
		60C0C32A1FAF249E00A77C72 /* Info.plist */ = {isa = PBXFileReference; lastKnownFileType = text.plist.xml; path = Info.plist; sourceTree = "<group>"; };
		60C0C32F1FAF249E00A77C72 /* NewProjectTests.xctest */ = {isa = PBXFileReference; explicitFileType = wrapper.cfbundle; includeInIndex = 0; path = NewProjectTests.xctest; sourceTree = BUILT_PRODUCTS_DIR; };
		60C0C3331FAF249E00A77C72 /* NewProjectTests.swift */ = {isa = PBXFileReference; lastKnownFileType = sourcecode.swift; path = NewProjectTests.swift; sourceTree = "<group>"; };
		60C0C3351FAF249E00A77C72 /* Info.plist */ = {isa = PBXFileReference; lastKnownFileType = text.plist.xml; path = Info.plist; sourceTree = "<group>"; };
		60C0C33A1FAF249E00A77C72 /* NewProjectUITests.xctest */ = {isa = PBXFileReference; explicitFileType = wrapper.cfbundle; includeInIndex = 0; path = NewProjectUITests.xctest; sourceTree = BUILT_PRODUCTS_DIR; };
		60C0C33E1FAF249E00A77C72 /* NewProjectUITests.swift */ = {isa = PBXFileReference; lastKnownFileType = sourcecode.swift; path = NewProjectUITests.swift; sourceTree = "<group>"; };
		60C0C3401FAF249E00A77C72 /* Info.plist */ = {isa = PBXFileReference; lastKnownFileType = text.plist.xml; path = Info.plist; sourceTree = "<group>"; };
/* End PBXFileReference section */

/* Begin PBXFrameworksBuildPhase section */
		60C0C3181FAF249D00A77C72 /* Frameworks */ = {
			isa = PBXFrameworksBuildPhase;
			buildActionMask = 2147483647;
			files = (
			);
			runOnlyForDeploymentPostprocessing = 0;
		};
		60C0C32C1FAF249E00A77C72 /* Frameworks */ = {
			isa = PBXFrameworksBuildPhase;
			buildActionMask = 2147483647;
			files = (
			);
			runOnlyForDeploymentPostprocessing = 0;
		};
		60C0C3371FAF249E00A77C72 /* Frameworks */ = {
			isa = PBXFrameworksBuildPhase;
			buildActionMask = 2147483647;
			files = (
			);
			runOnlyForDeploymentPostprocessing = 0;
		};
/* End PBXFrameworksBuildPhase section */

/* Begin PBXGroup section */
		60C0C3121FAF249D00A77C72 = {
			isa = PBXGroup;
			children = (
				60C0C31D1FAF249D00A77C72 /* NewProject */,
				60C0C3321FAF249E00A77C72 /* NewProjectTests */,
				60C0C33D1FAF249E00A77C72 /* NewProjectUITests */,
				60C0C31C1FAF249D00A77C72 /* Products */,
			);
			sourceTree = "<group>";
		};
		60C0C31C1FAF249D00A77C72 /* Products */ = {
			isa = PBXGroup;
			children = (
				60C0C31B1FAF249D00A77C72 /* NewProject.app */,
				60C0C32F1FAF249E00A77C72 /* NewProjectTests.xctest */,
				60C0C33A1FAF249E00A77C72 /* NewProjectUITests.xctest */,
			);
			name = Products;
			sourceTree = "<group>";
		};
		60C0C31D1FAF249D00A77C72 /* NewProject */ = {
			isa = PBXGroup;
			children = (
				60C0C31E1FAF249E00A77C72 /* AppDelegate.swift */,
				60C0C3201FAF249E00A77C72 /* ViewController.swift */,
				60C0C3221FAF249E00A77C72 /* Main.storyboard */,
				60C0C3251FAF249E00A77C72 /* Assets.xcassets */,
				60C0C3271FAF249E00A77C72 /* LaunchScreen.storyboard */,
				60C0C32A1FAF249E00A77C72 /* Info.plist */,
			);
			path = NewProject;
			sourceTree = "<group>";
		};
		60C0C3321FAF249E00A77C72 /* NewProjectTests */ = {
			isa = PBXGroup;
			children = (
				60C0C3331FAF249E00A77C72 /* NewProjectTests.swift */,
				60C0C3351FAF249E00A77C72 /* Info.plist */,
			);
			path = NewProjectTests;
			sourceTree = "<group>";
		};
		60C0C33D1FAF249E00A77C72 /* NewProjectUITests */ = {
			isa = PBXGroup;
			children = (
				60C0C33E1FAF249E00A77C72 /* NewProjectUITests.swift */,
				60C0C3401FAF249E00A77C72 /* Info.plist */,
			);
			path = NewProjectUITests;
			sourceTree = "<group>";
		};
/* End PBXGroup section */

/* Begin PBXNativeTarget section */
		60C0C31A1FAF249D00A77C72 /* NewProject */ = {
			isa = PBXNativeTarget;
			buildConfigurationList = 60C0C3431FAF249E00A77C72 /* Build configuration list for PBXNativeTarget "NewProject" */;
			buildPhases = (
				60C0C3171FAF249D00A77C72 /* Sources */,
				60C0C3181FAF249D00A77C72 /* Frameworks */,
				60C0C3191FAF249D00A77C72 /* Resources */,
			);
			buildRules = (
			);
			dependencies = (
			);
			name = NewProject;
			productName = NewProject;
			productReference = 60C0C31B1FAF249D00A77C72 /* NewProject.app */;
			productType = "com.apple.product-type.application";
		};
		60C0C32E1FAF249E00A77C72 /* NewProjectTests */ = {
			isa = PBXNativeTarget;
			buildConfigurationList = 60C0C3461FAF249E00A77C72 /* Build configuration list for PBXNativeTarget "NewProjectTests" */;
			buildPhases = (
				60C0C32B1FAF249E00A77C72 /* Sources */,
				60C0C32C1FAF249E00A77C72 /* Frameworks */,
				60C0C32D1FAF249E00A77C72 /* Resources */,
			);
			buildRules = (
			);
			dependencies = (
				60C0C3311FAF249E00A77C72 /* PBXTargetDependency */,
			);
			name = NewProjectTests;
			productName = NewProjectTests;
			productReference = 60C0C32F1FAF249E00A77C72 /* NewProjectTests.xctest */;
			productType = "com.apple.product-type.bundle.unit-test";
		};
		60C0C3391FAF249E00A77C72 /* NewProjectUITests */ = {
			isa = PBXNativeTarget;
			buildConfigurationList = 60C0C3491FAF249E00A77C72 /* Build configuration list for PBXNativeTarget "NewProjectUITests" */;
			buildPhases = (
				60C0C3361FAF249E00A77C72 /* Sources */,
				60C0C3371FAF249E00A77C72 /* Frameworks */,
				60C0C3381FAF249E00A77C72 /* Resources */,
			);
			buildRules = (
			);
			dependencies = (
				60C0C33C1FAF249E00A77C72 /* PBXTargetDependency */,
			);
			name = NewProjectUITests;
			productName = NewProjectUITests;
			productReference = 60C0C33A1FAF249E00A77C72 /* NewProjectUITests.xctest */;
			productType = "com.apple.product-type.bundle.ui-testing";
		};
/* End PBXNativeTarget section */

/* Begin PBXProject section */
		60C0C3131FAF249D00A77C72 /* Project object */ = {
			isa = PBXProject;
			attributes = {
				LastSwiftUpdateCheck = 0910;
				LastUpgradeCheck = 0910;
				ORGANIZATIONNAME = "町田千優";
				TargetAttributes = {
					60C0C31A1FAF249D00A77C72 = {
						CreatedOnToolsVersion = 9.1;
						ProvisioningStyle = Automatic;
					};
					60C0C32E1FAF249E00A77C72 = {
						CreatedOnToolsVersion = 9.1;
						ProvisioningStyle = Automatic;
						TestTargetID = 60C0C31A1FAF249D00A77C72;
					};
					60C0C3391FAF249E00A77C72 = {
						CreatedOnToolsVersion = 9.1;
						ProvisioningStyle = Automatic;
						TestTargetID = 60C0C31A1FAF249D00A77C72;
					};
				};
			};
			buildConfigurationList = 60C0C3161FAF249D00A77C72 /* Build configuration list for PBXProject "NewProject" */;
			compatibilityVersion = "Xcode 8.0";
			developmentRegion = en;
			hasScannedForEncodings = 0;
			knownRegions = (
				en,
				Base,
			);
			mainGroup = 60C0C3121FAF249D00A77C72;
			productRefGroup = 60C0C31C1FAF249D00A77C72 /* Products */;
			projectDirPath = "";
			projectRoot = "";
			targets = (
				60C0C31A1FAF249D00A77C72 /* NewProject */,
				60C0C32E1FAF249E00A77C72 /* NewProjectTests */,
				60C0C3391FAF249E00A77C72 /* NewProjectUITests */,
			);
		};
/* End PBXProject section */

/* Begin PBXResourcesBuildPhase section */
		60C0C3191FAF249D00A77C72 /* Resources */ = {
			isa = PBXResourcesBuildPhase;
			buildActionMask = 2147483647;
			files = (
				60C0C3291FAF249E00A77C72 /* LaunchScreen.storyboard in Resources */,
				60C0C3261FAF249E00A77C72 /* Assets.xcassets in Resources */,
				60C0C3241FAF249E00A77C72 /* Main.storyboard in Resources */,
			);
			runOnlyForDeploymentPostprocessing = 0;
		};
		60C0C32D1FAF249E00A77C72 /* Resources */ = {
			isa = PBXResourcesBuildPhase;
			buildActionMask = 2147483647;
			files = (
			);
			runOnlyForDeploymentPostprocessing = 0;
		};
		60C0C3381FAF249E00A77C72 /* Resources */ = {
			isa = PBXResourcesBuildPhase;
			buildActionMask = 2147483647;
			files = (
			);
			runOnlyForDeploymentPostprocessing = 0;
		};
/* End PBXResourcesBuildPhase section */

/* Begin PBXSourcesBuildPhase section */
		60C0C3171FAF249D00A77C72 /* Sources */ = {
			isa = PBXSourcesBuildPhase;
			buildActionMask = 2147483647;
			files = (
				60C0C3211FAF249E00A77C72 /* ViewController.swift in Sources */,
				60C0C31F1FAF249E00A77C72 /* AppDelegate.swift in Sources */,
			);
			runOnlyForDeploymentPostprocessing = 0;
		};
		60C0C32B1FAF249E00A77C72 /* Sources */ = {
			isa = PBXSourcesBuildPhase;
			buildActionMask = 2147483647;
			files = (
				60C0C3341FAF249E00A77C72 /* NewProjectTests.swift in Sources */,
			);
			runOnlyForDeploymentPostprocessing = 0;
		};
		60C0C3361FAF249E00A77C72 /* Sources */ = {
			isa = PBXSourcesBuildPhase;
			buildActionMask = 2147483647;
			files = (
				60C0C33F1FAF249E00A77C72 /* NewProjectUITests.swift in Sources */,
			);
			runOnlyForDeploymentPostprocessing = 0;
		};
/* End PBXSourcesBuildPhase section */

/* Begin PBXTargetDependency section */
		60C0C3311FAF249E00A77C72 /* PBXTargetDependency */ = {
			isa = PBXTargetDependency;
			target = 60C0C31A1FAF249D00A77C72 /* NewProject */;
			targetProxy = 60C0C3301FAF249E00A77C72 /* PBXContainerItemProxy */;
		};
		60C0C33C1FAF249E00A77C72 /* PBXTargetDependency */ = {
			isa = PBXTargetDependency;
			target = 60C0C31A1FAF249D00A77C72 /* NewProject */;
			targetProxy = 60C0C33B1FAF249E00A77C72 /* PBXContainerItemProxy */;
		};
/* End PBXTargetDependency section */

/* Begin PBXVariantGroup section */
		60C0C3221FAF249E00A77C72 /* Main.storyboard */ = {
			isa = PBXVariantGroup;
			children = (
				60C0C3231FAF249E00A77C72 /* Base */,
			);
			name = Main.storyboard;
			sourceTree = "<group>";
		};
		60C0C3271FAF249E00A77C72 /* LaunchScreen.storyboard */ = {
			isa = PBXVariantGroup;
			children = (
				60C0C3281FAF249E00A77C72 /* Base */,
			);
			name = LaunchScreen.storyboard;
			sourceTree = "<group>";
		};
/* End PBXVariantGroup section */

/* Begin XCBuildConfiguration section */
		60C0C3411FAF249E00A77C72 /* Debug */ = {
			isa = XCBuildConfiguration;
			buildSettings = {
				ALWAYS_SEARCH_USER_PATHS = NO;
				CLANG_ANALYZER_NONNULL = YES;
				CLANG_ANALYZER_NUMBER_OBJECT_CONVERSION = YES_AGGRESSIVE;
				CLANG_CXX_LANGUAGE_STANDARD = "gnu++14";
				CLANG_CXX_LIBRARY = "libc++";
				CLANG_ENABLE_MODULES = YES;
				CLANG_ENABLE_OBJC_ARC = YES;
				CLANG_WARN_BLOCK_CAPTURE_AUTORELEASING = YES;
				CLANG_WARN_BOOL_CONVERSION = YES;
				CLANG_WARN_COMMA = YES;
				CLANG_WARN_CONSTANT_CONVERSION = YES;
				CLANG_WARN_DIRECT_OBJC_ISA_USAGE = YES_ERROR;
				CLANG_WARN_DOCUMENTATION_COMMENTS = YES;
				CLANG_WARN_EMPTY_BODY = YES;
				CLANG_WARN_ENUM_CONVERSION = YES;
				CLANG_WARN_INFINITE_RECURSION = YES;
				CLANG_WARN_INT_CONVERSION = YES;
				CLANG_WARN_NON_LITERAL_NULL_CONVERSION = YES;
				CLANG_WARN_OBJC_LITERAL_CONVERSION = YES;
				CLANG_WARN_OBJC_ROOT_CLASS = YES_ERROR;
				CLANG_WARN_RANGE_LOOP_ANALYSIS = YES;
				CLANG_WARN_STRICT_PROTOTYPES = YES;
				CLANG_WARN_SUSPICIOUS_MOVE = YES;
				CLANG_WARN_UNGUARDED_AVAILABILITY = YES_AGGRESSIVE;
				CLANG_WARN_UNREACHABLE_CODE = YES;
				CLANG_WARN__DUPLICATE_METHOD_MATCH = YES;
				CODE_SIGN_IDENTITY = "iPhone Developer";
				COPY_PHASE_STRIP = NO;
				DEBUG_INFORMATION_FORMAT = dwarf;
				ENABLE_STRICT_OBJC_MSGSEND = YES;
				ENABLE_TESTABILITY = YES;
				GCC_C_LANGUAGE_STANDARD = gnu11;
				GCC_DYNAMIC_NO_PIC = NO;
				GCC_NO_COMMON_BLOCKS = YES;
				GCC_OPTIMIZATION_LEVEL = 0;
				GCC_PREPROCESSOR_DEFINITIONS = (
					"DEBUG=1",
					"$(inherited)",
				);
				GCC_WARN_64_TO_32_BIT_CONVERSION = YES;
				GCC_WARN_ABOUT_RETURN_TYPE = YES_ERROR;
				GCC_WARN_UNDECLARED_SELECTOR = YES;
				GCC_WARN_UNINITIALIZED_AUTOS = YES_AGGRESSIVE;
				GCC_WARN_UNUSED_FUNCTION = YES;
				GCC_WARN_UNUSED_VARIABLE = YES;
				IPHONEOS_DEPLOYMENT_TARGET = 11.1;
				MTL_ENABLE_DEBUG_INFO = YES;
				ONLY_ACTIVE_ARCH = YES;
				SDKROOT = iphoneos;
				SWIFT_ACTIVE_COMPILATION_CONDITIONS = DEBUG;
				SWIFT_OPTIMIZATION_LEVEL = "-Onone";
			};
			name = Debug;
		};
		60C0C3421FAF249E00A77C72 /* Release */ = {
			isa = XCBuildConfiguration;
			buildSettings = {
				ALWAYS_SEARCH_USER_PATHS = NO;
				CLANG_ANALYZER_NONNULL = YES;
				CLANG_ANALYZER_NUMBER_OBJECT_CONVERSION = YES_AGGRESSIVE;
				CLANG_CXX_LANGUAGE_STANDARD = "gnu++14";
				CLANG_CXX_LIBRARY = "libc++";
				CLANG_ENABLE_MODULES = YES;
				CLANG_ENABLE_OBJC_ARC = YES;
				CLANG_WARN_BLOCK_CAPTURE_AUTORELEASING = YES;
				CLANG_WARN_BOOL_CONVERSION = YES;
				CLANG_WARN_COMMA = YES;
				CLANG_WARN_CONSTANT_CONVERSION = YES;
				CLANG_WARN_DIRECT_OBJC_ISA_USAGE = YES_ERROR;
				CLANG_WARN_DOCUMENTATION_COMMENTS = YES;
				CLANG_WARN_EMPTY_BODY = YES;
				CLANG_WARN_ENUM_CONVERSION = YES;
				CLANG_WARN_INFINITE_RECURSION = YES;
				CLANG_WARN_INT_CONVERSION = YES;
				CLANG_WARN_NON_LITERAL_NULL_CONVERSION = YES;
				CLANG_WARN_OBJC_LITERAL_CONVERSION = YES;
				CLANG_WARN_OBJC_ROOT_CLASS = YES_ERROR;
				CLANG_WARN_RANGE_LOOP_ANALYSIS = YES;
				CLANG_WARN_STRICT_PROTOTYPES = YES;
				CLANG_WARN_SUSPICIOUS_MOVE = YES;
				CLANG_WARN_UNGUARDED_AVAILABILITY = YES_AGGRESSIVE;
				CLANG_WARN_UNREACHABLE_CODE = YES;
				CLANG_WARN__DUPLICATE_METHOD_MATCH = YES;
				CODE_SIGN_IDENTITY = "iPhone Developer";
				COPY_PHASE_STRIP = NO;
				DEBUG_INFORMATION_FORMAT = "dwarf-with-dsym";
				ENABLE_NS_ASSERTIONS = NO;
				ENABLE_STRICT_OBJC_MSGSEND = YES;
				GCC_C_LANGUAGE_STANDARD = gnu11;
				GCC_NO_COMMON_BLOCKS = YES;
				GCC_WARN_64_TO_32_BIT_CONVERSION = YES;
				GCC_WARN_ABOUT_RETURN_TYPE = YES_ERROR;
				GCC_WARN_UNDECLARED_SELECTOR = YES;
				GCC_WARN_UNINITIALIZED_AUTOS = YES_AGGRESSIVE;
				GCC_WARN_UNUSED_FUNCTION = YES;
				GCC_WARN_UNUSED_VARIABLE = YES;
				IPHONEOS_DEPLOYMENT_TARGET = 11.1;
				MTL_ENABLE_DEBUG_INFO = NO;
				SDKROOT = iphoneos;
				SWIFT_OPTIMIZATION_LEVEL = "-Owholemodule";
				VALIDATE_PRODUCT = YES;
			};
			name = Release;
		};
		60C0C3441FAF249E00A77C72 /* Debug */ = {
			isa = XCBuildConfiguration;
			buildSettings = {
				ASSETCATALOG_COMPILER_APPICON_NAME = AppIcon;
				CODE_SIGN_STYLE = Automatic;
				INFOPLIST_FILE = NewProject/Info.plist;
				LD_RUNPATH_SEARCH_PATHS = "$(inherited) @executable_path/Frameworks";
				PRODUCT_BUNDLE_IDENTIFIER = com.chihiro.NewProject;
				PRODUCT_NAME = "$(TARGET_NAME)";
				SWIFT_VERSION = 4.0;
				TARGETED_DEVICE_FAMILY = "1,2";
			};
			name = Debug;
		};
		60C0C3451FAF249E00A77C72 /* Release */ = {
			isa = XCBuildConfiguration;
			buildSettings = {
				ASSETCATALOG_COMPILER_APPICON_NAME = AppIcon;
				CODE_SIGN_STYLE = Automatic;
				INFOPLIST_FILE = NewProject/Info.plist;
				LD_RUNPATH_SEARCH_PATHS = "$(inherited) @executable_path/Frameworks";
				PRODUCT_BUNDLE_IDENTIFIER = com.chihiro.NewProject;
				PRODUCT_NAME = "$(TARGET_NAME)";
				SWIFT_VERSION = 4.0;
				TARGETED_DEVICE_FAMILY = "1,2";
			};
			name = Release;
		};
		60C0C3471FAF249E00A77C72 /* Debug */ = {
			isa = XCBuildConfiguration;
			buildSettings = {
				ALWAYS_EMBED_SWIFT_STANDARD_LIBRARIES = YES;
				BUNDLE_LOADER = "$(TEST_HOST)";
				CODE_SIGN_STYLE = Automatic;
				INFOPLIST_FILE = NewProjectTests/Info.plist;
				LD_RUNPATH_SEARCH_PATHS = "$(inherited) @executable_path/Frameworks @loader_path/Frameworks";
				PRODUCT_BUNDLE_IDENTIFIER = com.chihiro.NewProjectTests;
				PRODUCT_NAME = "$(TARGET_NAME)";
				SWIFT_VERSION = 4.0;
				TARGETED_DEVICE_FAMILY = "1,2";
				TEST_HOST = "$(BUILT_PRODUCTS_DIR)/NewProject.app/NewProject";
			};
			name = Debug;
		};
		60C0C3481FAF249E00A77C72 /* Release */ = {
			isa = XCBuildConfiguration;
			buildSettings = {
				ALWAYS_EMBED_SWIFT_STANDARD_LIBRARIES = YES;
				BUNDLE_LOADER = "$(TEST_HOST)";
				CODE_SIGN_STYLE = Automatic;
				INFOPLIST_FILE = NewProjectTests/Info.plist;
				LD_RUNPATH_SEARCH_PATHS = "$(inherited) @executable_path/Frameworks @loader_path/Frameworks";
				PRODUCT_BUNDLE_IDENTIFIER = com.chihiro.NewProjectTests;
				PRODUCT_NAME = "$(TARGET_NAME)";
				SWIFT_VERSION = 4.0;
				TARGETED_DEVICE_FAMILY = "1,2";
				TEST_HOST = "$(BUILT_PRODUCTS_DIR)/NewProject.app/NewProject";
			};
			name = Release;
		};
		60C0C34A1FAF249E00A77C72 /* Debug */ = {
			isa = XCBuildConfiguration;
			buildSettings = {
				ALWAYS_EMBED_SWIFT_STANDARD_LIBRARIES = YES;
				CODE_SIGN_STYLE = Automatic;
				INFOPLIST_FILE = NewProjectUITests/Info.plist;
				LD_RUNPATH_SEARCH_PATHS = "$(inherited) @executable_path/Frameworks @loader_path/Frameworks";
				PRODUCT_BUNDLE_IDENTIFIER = com.chihiro.NewProjectUITests;
				PRODUCT_NAME = "$(TARGET_NAME)";
				SWIFT_VERSION = 4.0;
				TARGETED_DEVICE_FAMILY = "1,2";
				TEST_TARGET_NAME = NewProject;
			};
			name = Debug;
		};
		60C0C34B1FAF249E00A77C72 /* Release */ = {
			isa = XCBuildConfiguration;
			buildSettings = {
				ALWAYS_EMBED_SWIFT_STANDARD_LIBRARIES = YES;
				CODE_SIGN_STYLE = Automatic;
				INFOPLIST_FILE = NewProjectUITests/Info.plist;
				LD_RUNPATH_SEARCH_PATHS = "$(inherited) @executable_path/Frameworks @loader_path/Frameworks";
				PRODUCT_BUNDLE_IDENTIFIER = com.chihiro.NewProjectUITests;
				PRODUCT_NAME = "$(TARGET_NAME)";
				SWIFT_VERSION = 4.0;
				TARGETED_DEVICE_FAMILY = "1,2";
				TEST_TARGET_NAME = NewProject;
			};
			name = Release;
		};
/* End XCBuildConfiguration section */

/* Begin XCConfigurationList section */
		60C0C3161FAF249D00A77C72 /* Build configuration list for PBXProject "NewProject" */ = {
			isa = XCConfigurationList;
			buildConfigurations = (
				60C0C3411FAF249E00A77C72 /* Debug */,
				60C0C3421FAF249E00A77C72 /* Release */,
			);
			defaultConfigurationIsVisible = 0;
			defaultConfigurationName = Release;
		};
		60C0C3431FAF249E00A77C72 /* Build configuration list for PBXNativeTarget "NewProject" */ = {
			isa = XCConfigurationList;
			buildConfigurations = (
				60C0C3441FAF249E00A77C72 /* Debug */,
				60C0C3451FAF249E00A77C72 /* Release */,
			);
			defaultConfigurationIsVisible = 0;
			defaultConfigurationName = Release;
		};
		60C0C3461FAF249E00A77C72 /* Build configuration list for PBXNativeTarget "NewProjectTests" */ = {
			isa = XCConfigurationList;
			buildConfigurations = (
				60C0C3471FAF249E00A77C72 /* Debug */,
				60C0C3481FAF249E00A77C72 /* Release */,
			);
			defaultConfigurationIsVisible = 0;
			defaultConfigurationName = Release;
		};
		60C0C3491FAF249E00A77C72 /* Build configuration list for PBXNativeTarget "NewProjectUITests" */ = {
			isa = XCConfigurationList;
			buildConfigurations = (
				60C0C34A1FAF249E00A77C72 /* Debug */,
				60C0C34B1FAF249E00A77C72 /* Release */,
			);
			defaultConfigurationIsVisible = 0;
			defaultConfigurationName = Release;
		};
/* End XCConfigurationList section */
	};
	rootObject = 60C0C3131FAF249D00A77C72 /* Project object */;
}
